Microsoft Visual Studio Solution File, Format Version 11.00
# Visual Studio 2008

Project("{D0A8EF82-4635-0001-B153-5B87FA390908}") = "Billy's  First World", "Assembly-CSharp-firstpass.csproj", "{EBDADB24-6866-978B-4F88-D6624DD3C10F}"
EndProject
Project("{D0A8EF82-4635-0001-B153-5B87FA390908}") = "Billy's  First World", "Assembly-CSharp.csproj", "{CC645601-4674-2400-4182-54F863E5939D}"
EndProject
Project("{D0A8EF82-4635-0001-B153-5B87FA390908}") = "Billy's  First World", "Assembly-CSharp-Editor.csproj", "{3B9BCB67-0F0A-1A1F-FDBC-E43A83731BA5}"
EndProject
Global
	GlobalSection(SolutionConfigurationPlatforms) = preSolution
		Debug|Any CPU = Debug|Any CPU
		Release|Any CPU = Release|Any CPU
	EndGlobalSection
	GlobalSection(ProjectConfigurationPlatforms) = postSolution
		{EBDADB24-6866-978B-4F88-D6624DD3C10F}.Debug|Any CPU.ActiveCfg = Debug|Any CPU
		{EBDADB24-6866-978B-4F88-D6624DD3C10F}.Debug|Any CPU.Build.0 = Debug|Any CPU
		{EBDADB24-6866-978B-4F88-D6624DD3C10F}.Release|Any CPU.ActiveCfg = Release|Any CPU
		{EBDADB24-6866-978B-4F88-D6624DD3C10F}.Release|Any CPU.Build.0 = Release|Any CPU
		{CC645601-4674-2400-4182-54F863E5939D}.Debug|Any CPU.ActiveCfg = Debug|Any CPU
		{CC645601-4674-2400-4182-54F863E5939D}.Debug|Any CPU.Build.0 = Debug|Any CPU
		{CC645601-4674-2400-4182-54F863E5939D}.Release|Any CPU.ActiveCfg = Release|Any CPU
		{CC645601-4674-2400-4182-54F863E5939D}.Release|Any CPU.Build.0 = Release|Any CPU
		{3B9BCB67-0F0A-1A1F-FDBC-E43A83731BA5}.Debug|Any CPU.ActiveCfg = Debug|Any CPU
		{3B9BCB67-0F0A-1A1F-FDBC-E43A83731BA5}.Debug|Any CPU.Build.0 = Debug|Any CPU
		{3B9BCB67-0F0A-1A1F-FDBC-E43A83731BA5}.Release|Any CPU.ActiveCfg = Release|Any CPU
		{3B9BCB67-0F0A-1A1F-FDBC-E43A83731BA5}.Release|Any CPU.Build.0 = Release|Any CPU
	EndGlobalSection
	GlobalSection(SolutionProperties) = preSolution
		HideSolutionNode = FALSE
	EndGlobalSection
																																																																																																																																																															GlobalSection(MonoDevelopProperties) = preSolution
		StartupItem = Assembly-CSharp.csproj
		Policies = $0
		$0.TextStylePolicy = $1
		$1.inheritsSet = null
		$1.scope = text/x-csharp
		$0.CSharpFormattingPolicy = $2
		$2.inheritsSet = Mono
		$2.inheritsScope = text/x-csharp
		$2.scope = text/x-csharp
		$0.TextStylePolicy = $3
		$3.FileWidth = 120
		$3.TabWidth = 4
		$3.IndentWidth = 4
		$3.EolMarker = Unix
		$3.inheritsSet = Mono
		$3.inheritsScope = text/plain
		$3.scope = text/plain
	EndGlobalSection

EndGlobal
